
Microsoft Visual Studio Solution File, Format Version 12.00
# Visual Studio Version 17
VisualStudioVersion = 17.9.34723.18
MinimumVisualStudioVersion = 10.0.40219.1
Project("{FAE04EC0-301F-11D3-BF4B-00C04F79EFBC}") = "LinesAndCurves", "LinesAndCurves\LinesAndCurves.csproj", "{204B6E03-C43C-483A-8B70-DF7FA0B445E6}"
EndProject
Project("{FAE04EC0-301F-11D3-BF4B-00C04F79EFBC}") = "Geometry", "Geometry\Geometry.csproj", "{7963E98E-4C95-46AB-B912-0B1B40E7EF02}"
EndProject
Project("{FAE04EC0-301F-11D3-BF4B-00C04F79EFBC}") = "Visual", "Visual\Visual.csproj", "{C25C15D0-ED9D-492D-B269-0D4535DE114C}"
EndProject
Global
	GlobalSection(SolutionConfigurationPlatforms) = preSolution
		Debug|Any CPU = Debug|Any CPU
		Release|Any CPU = Release|Any CPU
	EndGlobalSection
	GlobalSection(ProjectConfigurationPlatforms) = postSolution
		{204B6E03-C43C-483A-8B70-DF7FA0B445E6}.Debug|Any CPU.ActiveCfg = Debug|Any CPU
		{204B6E03-C43C-483A-8B70-DF7FA0B445E6}.Debug|Any CPU.Build.0 = Debug|Any CPU
		{204B6E03-C43C-483A-8B70-DF7FA0B445E6}.Release|Any CPU.ActiveCfg = Release|Any CPU
		{204B6E03-C43C-483A-8B70-DF7FA0B445E6}.Release|Any CPU.Build.0 = Release|Any CPU
		{7963E98E-4C95-46AB-B912-0B1B40E7EF02}.Debug|Any CPU.ActiveCfg = Debug|Any CPU
		{7963E98E-4C95-46AB-B912-0B1B40E7EF02}.Debug|Any CPU.Build.0 = Debug|Any CPU
		{7963E98E-4C95-46AB-B912-0B1B40E7EF02}.Release|Any CPU.ActiveCfg = Release|Any CPU
		{7963E98E-4C95-46AB-B912-0B1B40E7EF02}.Release|Any CPU.Build.0 = Release|Any CPU
		{C25C15D0-ED9D-492D-B269-0D4535DE114C}.Debug|Any CPU.ActiveCfg = Debug|Any CPU
		{C25C15D0-ED9D-492D-B269-0D4535DE114C}.Debug|Any CPU.Build.0 = Debug|Any CPU
		{C25C15D0-ED9D-492D-B269-0D4535DE114C}.Release|Any CPU.ActiveCfg = Release|Any CPU
		{C25C15D0-ED9D-492D-B269-0D4535DE114C}.Release|Any CPU.Build.0 = Release|Any CPU
	EndGlobalSection
	GlobalSection(SolutionProperties) = preSolution
		HideSolutionNode = FALSE
	EndGlobalSection
	GlobalSection(ExtensibilityGlobals) = postSolution
		SolutionGuid = {757E2358-2168-494B-834E-A59D1776576B}
	EndGlobalSection
EndGlobal
